
Microsoft Visual Studio Solution File, Format Version 12.00
# Visual Studio Version 17
VisualStudioVersion = 17.0.31903.59
MinimumVisualStudioVersion = 10.0.40219.1
Project("{2150E333-8FDC-42A3-9474-1A3956D46DE8}") = "Forkly-Api", "Forkly-Api", "{A231D14A-6D60-4A22-8F2C-1176FA0784F2}"
EndProject
Project("{FAE04EC0-301F-11D3-BF4B-00C04F79EFBC}") = "Forkly.Api", "Forkly-Api\Forkly.Api.csproj", "{227E4C3C-6595-468E-BEF0-897D22995EC2}"
EndProject
Project("{54A90642-561A-4BB1-A94E-469ADEE60C69}") = "Forkly-Landing", "Forkly-Landing.esproj", "{D8BC64E5-8EFB-4BEA-B2F0-13F4A49F7899}"
EndProject
Project("{54A90642-561A-4BB1-A94E-469ADEE60C69}") = "Forkly-Auth", "Forkly-Auth\Forkly-Auth.esproj", "{0603E805-7356-40EE-AF46-A144FB5EAA4D}"
EndProject
Global
	GlobalSection(SolutionConfigurationPlatforms) = preSolution
		Debug|Any CPU = Debug|Any CPU
		Debug|x64 = Debug|x64
		Debug|x86 = Debug|x86
		Release|Any CPU = Release|Any CPU
		Release|x64 = Release|x64
		Release|x86 = Release|x86
	EndGlobalSection
	GlobalSection(ProjectConfigurationPlatforms) = postSolution
		{227E4C3C-6595-468E-BEF0-897D22995EC2}.Debug|Any CPU.ActiveCfg = Debug|Any CPU
		{227E4C3C-6595-468E-BEF0-897D22995EC2}.Debug|Any CPU.Build.0 = Debug|Any CPU
		{227E4C3C-6595-468E-BEF0-897D22995EC2}.Debug|x64.ActiveCfg = Debug|Any CPU
		{227E4C3C-6595-468E-BEF0-897D22995EC2}.Debug|x64.Build.0 = Debug|Any CPU
		{227E4C3C-6595-468E-BEF0-897D22995EC2}.Debug|x86.ActiveCfg = Debug|Any CPU
		{227E4C3C-6595-468E-BEF0-897D22995EC2}.Debug|x86.Build.0 = Debug|Any CPU
		{227E4C3C-6595-468E-BEF0-897D22995EC2}.Release|Any CPU.ActiveCfg = Release|Any CPU
		{227E4C3C-6595-468E-BEF0-897D22995EC2}.Release|Any CPU.Build.0 = Release|Any CPU
		{227E4C3C-6595-468E-BEF0-897D22995EC2}.Release|x64.ActiveCfg = Release|Any CPU
		{227E4C3C-6595-468E-BEF0-897D22995EC2}.Release|x64.Build.0 = Release|Any CPU
		{227E4C3C-6595-468E-BEF0-897D22995EC2}.Release|x86.ActiveCfg = Release|Any CPU
		{227E4C3C-6595-468E-BEF0-897D22995EC2}.Release|x86.Build.0 = Release|Any CPU
		{D8BC64E5-8EFB-4BEA-B2F0-13F4A49F7899}.Debug|Any CPU.ActiveCfg = Debug|Any CPU
		{D8BC64E5-8EFB-4BEA-B2F0-13F4A49F7899}.Debug|x64.ActiveCfg = Debug|Any CPU
		{D8BC64E5-8EFB-4BEA-B2F0-13F4A49F7899}.Debug|x86.ActiveCfg = Debug|Any CPU
		{D8BC64E5-8EFB-4BEA-B2F0-13F4A49F7899}.Release|Any CPU.ActiveCfg = Release|Any CPU
		{D8BC64E5-8EFB-4BEA-B2F0-13F4A49F7899}.Release|x64.ActiveCfg = Release|Any CPU
		{D8BC64E5-8EFB-4BEA-B2F0-13F4A49F7899}.Release|x86.ActiveCfg = Release|Any CPU
		{0603E805-7356-40EE-AF46-A144FB5EAA4D}.Debug|Any CPU.ActiveCfg = Debug|Any CPU
		{0603E805-7356-40EE-AF46-A144FB5EAA4D}.Debug|x64.ActiveCfg = Debug|Any CPU
		{0603E805-7356-40EE-AF46-A144FB5EAA4D}.Debug|x86.ActiveCfg = Debug|Any CPU
		{0603E805-7356-40EE-AF46-A144FB5EAA4D}.Release|Any CPU.ActiveCfg = Release|Any CPU
		{0603E805-7356-40EE-AF46-A144FB5EAA4D}.Release|x64.ActiveCfg = Release|Any CPU
		{0603E805-7356-40EE-AF46-A144FB5EAA4D}.Release|x86.ActiveCfg = Release|Any CPU
	EndGlobalSection
	GlobalSection(SolutionProperties) = preSolution
		HideSolutionNode = FALSE
	EndGlobalSection
	GlobalSection(NestedProjects) = preSolution
		{227E4C3C-6595-468E-BEF0-897D22995EC2} = {A231D14A-6D60-4A22-8F2C-1176FA0784F2}
	EndGlobalSection
EndGlobal
